
Microsoft Visual Studio Solution File, Format Version 12.00
# Visual Studio Version 17
VisualStudioVersion = 17.0.32126.317
MinimumVisualStudioVersion = 10.0.40219.1
Project("{FAE04EC0-301F-11D3-BF4B-00C04F79EFBC}") = "MVCFiltersTekrar_2", "MVCFiltersTekrar_2\MVCFiltersTekrar_2.csproj", "{ECBE4963-EFBC-4894-9432-437A6E9B1AF7}"
EndProject
Global
	GlobalSection(SolutionConfigurationPlatforms) = preSolution
		Debug|Any CPU = Debug|Any CPU
		Release|Any CPU = Release|Any CPU
	EndGlobalSection
	GlobalSection(ProjectConfigurationPlatforms) = postSolution
		{ECBE4963-EFBC-4894-9432-437A6E9B1AF7}.Debug|Any CPU.ActiveCfg = Debug|Any CPU
		{ECBE4963-EFBC-4894-9432-437A6E9B1AF7}.Debug|Any CPU.Build.0 = Debug|Any CPU
		{ECBE4963-EFBC-4894-9432-437A6E9B1AF7}.Release|Any CPU.ActiveCfg = Release|Any CPU
		{ECBE4963-EFBC-4894-9432-437A6E9B1AF7}.Release|Any CPU.Build.0 = Release|Any CPU
	EndGlobalSection
	GlobalSection(SolutionProperties) = preSolution
		HideSolutionNode = FALSE
	EndGlobalSection
	GlobalSection(ExtensibilityGlobals) = postSolution
		SolutionGuid = {3DE305BC-E447-4C42-82B1-2D8032207E23}
	EndGlobalSection
EndGlobal
